// !$*UTF8*$!
{
	archiveVersion = 1;
	classes = {
	};
	objectVersion = 50;
	objects = {

/* Begin PBXBuildFile section */
		6DAC5C7C244B0EB7003ED471 /* AppDelegate.swift in Sources */ = {isa = PBXBuildFile; fileRef = 6DAC5C7B244B0EB7003ED471 /* AppDelegate.swift */; };
		6DAC5C82244B0EB7003ED471 /* GameScene.swift in Sources */ = {isa = PBXBuildFile; fileRef = 6DAC5C81244B0EB7003ED471 /* GameScene.swift */; };
		6DAC5C84244B0EB7003ED471 /* GameViewController.swift in Sources */ = {isa = PBXBuildFile; fileRef = 6DAC5C83244B0EB7003ED471 /* GameViewController.swift */; };
		6DAC5C87244B0EB7003ED471 /* Main.storyboard in Resources */ = {isa = PBXBuildFile; fileRef = 6DAC5C85244B0EB7003ED471 /* Main.storyboard */; };
		6DAC5C89244B0EB8003ED471 /* Assets.xcassets in Resources */ = {isa = PBXBuildFile; fileRef = 6DAC5C88244B0EB8003ED471 /* Assets.xcassets */; };
		6DAC5C8C244B0EB8003ED471 /* LaunchScreen.storyboard in Resources */ = {isa = PBXBuildFile; fileRef = 6DAC5C8A244B0EB8003ED471 /* LaunchScreen.storyboard */; };
		6DAC5C97244B0EB8003ED471 /* ___DiadiushkinDmitriiTests.swift in Sources */ = {isa = PBXBuildFile; fileRef = 6DAC5C96244B0EB8003ED471 /* ___DiadiushkinDmitriiTests.swift */; };
		6DAC5CA2244B0EB8003ED471 /* ___DiadiushkinDmitriiUITests.swift in Sources */ = {isa = PBXBuildFile; fileRef = 6DAC5CA1244B0EB8003ED471 /* ___DiadiushkinDmitriiUITests.swift */; };
		6DAC5CB0244B8E09003ED471 /* Apple.swift in Sources */ = {isa = PBXBuildFile; fileRef = 6DAC5CAF244B8E09003ED471 /* Apple.swift */; };
		6DAC5CB2244B913F003ED471 /* SnakeBodyPart.swift in Sources */ = {isa = PBXBuildFile; fileRef = 6DAC5CB1244B913F003ED471 /* SnakeBodyPart.swift */; };
		6DAC5CB4244B9289003ED471 /* SnakeHead.swift in Sources */ = {isa = PBXBuildFile; fileRef = 6DAC5CB3244B9289003ED471 /* SnakeHead.swift */; };
		6DAC5CB6244B92ED003ED471 /* Snake.swift in Sources */ = {isa = PBXBuildFile; fileRef = 6DAC5CB5244B92ED003ED471 /* Snake.swift */; };
/* End PBXBuildFile section */

/* Begin PBXContainerItemProxy section */
		6DAC5C93244B0EB8003ED471 /* PBXContainerItemProxy */ = {
			isa = PBXContainerItemProxy;
			containerPortal = 6DAC5C70244B0EB7003ED471 /* Project object */;
			proxyType = 1;
			remoteGlobalIDString = 6DAC5C77244B0EB7003ED471;
			remoteInfo = "8|_DiadiushkinDmitrii";
		};
		6DAC5C9E244B0EB8003ED471 /* PBXContainerItemProxy */ = {
			isa = PBXContainerItemProxy;
			containerPortal = 6DAC5C70244B0EB7003ED471 /* Project object */;
			proxyType = 1;
			remoteGlobalIDString = 6DAC5C77244B0EB7003ED471;
			remoteInfo = "8|_DiadiushkinDmitrii";
		};
/* End PBXContainerItemProxy section */

/* Begin PBXFileReference section */
		6DAC5C78244B0EB7003ED471 /* 8|_DiadiushkinDmitrii.app */ = {isa = PBXFileReference; explicitFileType = wrapper.application; includeInIndex = 0; path = "8|_DiadiushkinDmitrii.app"; sourceTree = BUILT_PRODUCTS_DIR; };
		6DAC5C7B244B0EB7003ED471 /* AppDelegate.swift */ = {isa = PBXFileReference; lastKnownFileType = sourcecode.swift; path = AppDelegate.swift; sourceTree = "<group>"; };
		6DAC5C81244B0EB7003ED471 /* GameScene.swift */ = {isa = PBXFileReference; indentWidth = 4; lastKnownFileType = sourcecode.swift; path = GameScene.swift; sourceTree = "<group>"; tabWidth = 4; };
		6DAC5C83244B0EB7003ED471 /* GameViewController.swift */ = {isa = PBXFileReference; indentWidth = 4; lastKnownFileType = sourcecode.swift; path = GameViewController.swift; sourceTree = "<group>"; tabWidth = 4; };
		6DAC5C86244B0EB7003ED471 /* Base */ = {isa = PBXFileReference; lastKnownFileType = file.storyboard; name = Base; path = Base.lproj/Main.storyboard; sourceTree = "<group>"; };
		6DAC5C88244B0EB8003ED471 /* Assets.xcassets */ = {isa = PBXFileReference; lastKnownFileType = folder.assetcatalog; path = Assets.xcassets; sourceTree = "<group>"; };
		6DAC5C8B244B0EB8003ED471 /* Base */ = {isa = PBXFileReference; lastKnownFileType = file.storyboard; name = Base; path = Base.lproj/LaunchScreen.storyboard; sourceTree = "<group>"; };
		6DAC5C8D244B0EB8003ED471 /* Info.plist */ = {isa = PBXFileReference; lastKnownFileType = text.plist.xml; path = Info.plist; sourceTree = "<group>"; };
		6DAC5C92244B0EB8003ED471 /* 8|_DiadiushkinDmitriiTests.xctest */ = {isa = PBXFileReference; explicitFileType = wrapper.cfbundle; includeInIndex = 0; path = "8|_DiadiushkinDmitriiTests.xctest"; sourceTree = BUILT_PRODUCTS_DIR; };
		6DAC5C96244B0EB8003ED471 /* ___DiadiushkinDmitriiTests.swift */ = {isa = PBXFileReference; lastKnownFileType = sourcecode.swift; path = "___DiadiushkinDmitriiTests.swift"; sourceTree = "<group>"; };
		6DAC5C98244B0EB8003ED471 /* Info.plist */ = {isa = PBXFileReference; lastKnownFileType = text.plist.xml; path = Info.plist; sourceTree = "<group>"; };
		6DAC5C9D244B0EB8003ED471 /* 8|_DiadiushkinDmitriiUITests.xctest */ = {isa = PBXFileReference; explicitFileType = wrapper.cfbundle; includeInIndex = 0; path = "8|_DiadiushkinDmitriiUITests.xctest"; sourceTree = BUILT_PRODUCTS_DIR; };
		6DAC5CA1244B0EB8003ED471 /* ___DiadiushkinDmitriiUITests.swift */ = {isa = PBXFileReference; lastKnownFileType = sourcecode.swift; path = "___DiadiushkinDmitriiUITests.swift"; sourceTree = "<group>"; };
		6DAC5CA3244B0EB8003ED471 /* Info.plist */ = {isa = PBXFileReference; lastKnownFileType = text.plist.xml; path = Info.plist; sourceTree = "<group>"; };
		6DAC5CAF244B8E09003ED471 /* Apple.swift */ = {isa = PBXFileReference; lastKnownFileType = sourcecode.swift; path = Apple.swift; sourceTree = "<group>"; };
		6DAC5CB1244B913F003ED471 /* SnakeBodyPart.swift */ = {isa = PBXFileReference; lastKnownFileType = sourcecode.swift; path = SnakeBodyPart.swift; sourceTree = "<group>"; };
		6DAC5CB3244B9289003ED471 /* SnakeHead.swift */ = {isa = PBXFileReference; lastKnownFileType = sourcecode.swift; path = SnakeHead.swift; sourceTree = "<group>"; };
		6DAC5CB5244B92ED003ED471 /* Snake.swift */ = {isa = PBXFileReference; lastKnownFileType = sourcecode.swift; path = Snake.swift; sourceTree = "<group>"; };
/* End PBXFileReference section */

/* Begin PBXFrameworksBuildPhase section */
		6DAC5C75244B0EB7003ED471 /* Frameworks */ = {
			isa = PBXFrameworksBuildPhase;
			buildActionMask = 2147483647;
			files = (
			);
			runOnlyForDeploymentPostprocessing = 0;
		};
		6DAC5C8F244B0EB8003ED471 /* Frameworks */ = {
			isa = PBXFrameworksBuildPhase;
			buildActionMask = 2147483647;
			files = (
			);
			runOnlyForDeploymentPostprocessing = 0;
		};
		6DAC5C9A244B0EB8003ED471 /* Frameworks */ = {
			isa = PBXFrameworksBuildPhase;
			buildActionMask = 2147483647;
			files = (
			);
			runOnlyForDeploymentPostprocessing = 0;
		};
/* End PBXFrameworksBuildPhase section */

/* Begin PBXGroup section */
		6DAC5C6F244B0EB7003ED471 = {
			isa = PBXGroup;
			children = (
				6DAC5C7A244B0EB7003ED471 /* 8|_DiadiushkinDmitrii */,
				6DAC5C95244B0EB8003ED471 /* 8|_DiadiushkinDmitriiTests */,
				6DAC5CA0244B0EB8003ED471 /* 8|_DiadiushkinDmitriiUITests */,
				6DAC5C79244B0EB7003ED471 /* Products */,
			);
			indentWidth = 4;
			sourceTree = "<group>";
			tabWidth = 4;
			usesTabs = 0;
		};
		6DAC5C79244B0EB7003ED471 /* Products */ = {
			isa = PBXGroup;
			children = (
				6DAC5C78244B0EB7003ED471 /* 8|_DiadiushkinDmitrii.app */,
				6DAC5C92244B0EB8003ED471 /* 8|_DiadiushkinDmitriiTests.xctest */,
				6DAC5C9D244B0EB8003ED471 /* 8|_DiadiushkinDmitriiUITests.xctest */,
			);
			name = Products;
			sourceTree = "<group>";
		};
		6DAC5C7A244B0EB7003ED471 /* 8|_DiadiushkinDmitrii */ = {
			isa = PBXGroup;
			children = (
				6DAC5C7B244B0EB7003ED471 /* AppDelegate.swift */,
				6DAC5C81244B0EB7003ED471 /* GameScene.swift */,
				6DAC5CAF244B8E09003ED471 /* Apple.swift */,
				6DAC5CB1244B913F003ED471 /* SnakeBodyPart.swift */,
				6DAC5CB3244B9289003ED471 /* SnakeHead.swift */,
				6DAC5CB5244B92ED003ED471 /* Snake.swift */,
				6DAC5C83244B0EB7003ED471 /* GameViewController.swift */,
				6DAC5C85244B0EB7003ED471 /* Main.storyboard */,
				6DAC5C88244B0EB8003ED471 /* Assets.xcassets */,
				6DAC5C8A244B0EB8003ED471 /* LaunchScreen.storyboard */,
				6DAC5C8D244B0EB8003ED471 /* Info.plist */,
			);
			path = "8|_DiadiushkinDmitrii";
			sourceTree = "<group>";
		};
		6DAC5C95244B0EB8003ED471 /* 8|_DiadiushkinDmitriiTests */ = {
			isa = PBXGroup;
			children = (
				6DAC5C96244B0EB8003ED471 /* ___DiadiushkinDmitriiTests.swift */,
				6DAC5C98244B0EB8003ED471 /* Info.plist */,
			);
			path = "8|_DiadiushkinDmitriiTests";
			sourceTree = "<group>";
		};
		6DAC5CA0244B0EB8003ED471 /* 8|_DiadiushkinDmitriiUITests */ = {
			isa = PBXGroup;
			children = (
				6DAC5CA1244B0EB8003ED471 /* ___DiadiushkinDmitriiUITests.swift */,
				6DAC5CA3244B0EB8003ED471 /* Info.plist */,
			);
			path = "8|_DiadiushkinDmitriiUITests";
			sourceTree = "<group>";
		};
/* End PBXGroup section */

/* Begin PBXNativeTarget section */
		6DAC5C77244B0EB7003ED471 /* 8|_DiadiushkinDmitrii */ = {
			isa = PBXNativeTarget;
			buildConfigurationList = 6DAC5CA6244B0EB8003ED471 /* Build configuration list for PBXNativeTarget "8|_DiadiushkinDmitrii" */;
			buildPhases = (
				6DAC5C74244B0EB7003ED471 /* Sources */,
				6DAC5C75244B0EB7003ED471 /* Frameworks */,
				6DAC5C76244B0EB7003ED471 /* Resources */,
			);
			buildRules = (
			);
			dependencies = (
			);
			name = "8|_DiadiushkinDmitrii";
			productName = "8|_DiadiushkinDmitrii";
			productReference = 6DAC5C78244B0EB7003ED471 /* 8|_DiadiushkinDmitrii.app */;
			productType = "com.apple.product-type.application";
		};
		6DAC5C91244B0EB8003ED471 /* 8|_DiadiushkinDmitriiTests */ = {
			isa = PBXNativeTarget;
			buildConfigurationList = 6DAC5CA9244B0EB8003ED471 /* Build configuration list for PBXNativeTarget "8|_DiadiushkinDmitriiTests" */;
			buildPhases = (
				6DAC5C8E244B0EB8003ED471 /* Sources */,
				6DAC5C8F244B0EB8003ED471 /* Frameworks */,
				6DAC5C90244B0EB8003ED471 /* Resources */,
			);
			buildRules = (
			);
			dependencies = (
				6DAC5C94244B0EB8003ED471 /* PBXTargetDependency */,
			);
			name = "8|_DiadiushkinDmitriiTests";
			productName = "8|_DiadiushkinDmitriiTests";
			productReference = 6DAC5C92244B0EB8003ED471 /* 8|_DiadiushkinDmitriiTests.xctest */;
			productType = "com.apple.product-type.bundle.unit-test";
		};
		6DAC5C9C244B0EB8003ED471 /* 8|_DiadiushkinDmitriiUITests */ = {
			isa = PBXNativeTarget;
			buildConfigurationList = 6DAC5CAC244B0EB8003ED471 /* Build configuration list for PBXNativeTarget "8|_DiadiushkinDmitriiUITests" */;
			buildPhases = (
				6DAC5C99244B0EB8003ED471 /* Sources */,
				6DAC5C9A244B0EB8003ED471 /* Frameworks */,
				6DAC5C9B244B0EB8003ED471 /* Resources */,
			);
			buildRules = (
			);
			dependencies = (
				6DAC5C9F244B0EB8003ED471 /* PBXTargetDependency */,
			);
			name = "8|_DiadiushkinDmitriiUITests";
			productName = "8|_DiadiushkinDmitriiUITests";
			productReference = 6DAC5C9D244B0EB8003ED471 /* 8|_DiadiushkinDmitriiUITests.xctest */;
			productType = "com.apple.product-type.bundle.ui-testing";
		};
/* End PBXNativeTarget section */

/* Begin PBXProject section */
		6DAC5C70244B0EB7003ED471 /* Project object */ = {
			isa = PBXProject;
			attributes = {
				LastSwiftUpdateCheck = 1140;
				LastUpgradeCheck = 1140;
				ORGANIZATIONNAME = "Dmitrii Diadiushkin";
				TargetAttributes = {
					6DAC5C77244B0EB7003ED471 = {
						CreatedOnToolsVersion = 11.4.1;
					};
					6DAC5C91244B0EB8003ED471 = {
						CreatedOnToolsVersion = 11.4.1;
						TestTargetID = 6DAC5C77244B0EB7003ED471;
					};
					6DAC5C9C244B0EB8003ED471 = {
						CreatedOnToolsVersion = 11.4.1;
						TestTargetID = 6DAC5C77244B0EB7003ED471;
					};
				};
			};
			buildConfigurationList = 6DAC5C73244B0EB7003ED471 /* Build configuration list for PBXProject "8|_DiadiushkinDmitrii" */;
			compatibilityVersion = "Xcode 9.3";
			developmentRegion = en;
			hasScannedForEncodings = 0;
			knownRegions = (
				en,
				Base,
			);
			mainGroup = 6DAC5C6F244B0EB7003ED471;
			productRefGroup = 6DAC5C79244B0EB7003ED471 /* Products */;
			projectDirPath = "";
			projectRoot = "";
			targets = (
				6DAC5C77244B0EB7003ED471 /* 8|_DiadiushkinDmitrii */,
				6DAC5C91244B0EB8003ED471 /* 8|_DiadiushkinDmitriiTests */,
				6DAC5C9C244B0EB8003ED471 /* 8|_DiadiushkinDmitriiUITests */,
			);
		};
/* End PBXProject section */

/* Begin PBXResourcesBuildPhase section */
		6DAC5C76244B0EB7003ED471 /* Resources */ = {
			isa = PBXResourcesBuildPhase;
			buildActionMask = 2147483647;
			files = (
				6DAC5C87244B0EB7003ED471 /* Main.storyboard in Resources */,
				6DAC5C89244B0EB8003ED471 /* Assets.xcassets in Resources */,
				6DAC5C8C244B0EB8003ED471 /* LaunchScreen.storyboard in Resources */,
			);
			runOnlyForDeploymentPostprocessing = 0;
		};
		6DAC5C90244B0EB8003ED471 /* Resources */ = {
			isa = PBXResourcesBuildPhase;
			buildActionMask = 2147483647;
			files = (
			);
			runOnlyForDeploymentPostprocessing = 0;
		};
		6DAC5C9B244B0EB8003ED471 /* Resources */ = {
			isa = PBXResourcesBuildPhase;
			buildActionMask = 2147483647;
			files = (
			);
			runOnlyForDeploymentPostprocessing = 0;
		};
/* End PBXResourcesBuildPhase section */

/* Begin PBXSourcesBuildPhase section */
		6DAC5C74244B0EB7003ED471 /* Sources */ = {
			isa = PBXSourcesBuildPhase;
			buildActionMask = 2147483647;
			files = (
				6DAC5CB4244B9289003ED471 /* SnakeHead.swift in Sources */,
				6DAC5CB0244B8E09003ED471 /* Apple.swift in Sources */,
				6DAC5C82244B0EB7003ED471 /* GameScene.swift in Sources */,
				6DAC5C84244B0EB7003ED471 /* GameViewController.swift in Sources */,
				6DAC5CB2244B913F003ED471 /* SnakeBodyPart.swift in Sources */,
				6DAC5CB6244B92ED003ED471 /* Snake.swift in Sources */,
				6DAC5C7C244B0EB7003ED471 /* AppDelegate.swift in Sources */,
			);
			runOnlyForDeploymentPostprocessing = 0;
		};
		6DAC5C8E244B0EB8003ED471 /* Sources */ = {
			isa = PBXSourcesBuildPhase;
			buildActionMask = 2147483647;
			files = (
				6DAC5C97244B0EB8003ED471 /* ___DiadiushkinDmitriiTests.swift in Sources */,
			);
			runOnlyForDeploymentPostprocessing = 0;
		};
		6DAC5C99244B0EB8003ED471 /* Sources */ = {
			isa = PBXSourcesBuildPhase;
			buildActionMask = 2147483647;
			files = (
				6DAC5CA2244B0EB8003ED471 /* ___DiadiushkinDmitriiUITests.swift in Sources */,
			);
			runOnlyForDeploymentPostprocessing = 0;
		};
/* End PBXSourcesBuildPhase section */

/* Begin PBXTargetDependency section */
		6DAC5C94244B0EB8003ED471 /* PBXTargetDependency */ = {
			isa = PBXTargetDependency;
			target = 6DAC5C77244B0EB7003ED471 /* 8|_DiadiushkinDmitrii */;
			targetProxy = 6DAC5C93244B0EB8003ED471 /* PBXContainerItemProxy */;
		};
		6DAC5C9F244B0EB8003ED471 /* PBXTargetDependency */ = {
			isa = PBXTargetDependency;
			target = 6DAC5C77244B0EB7003ED471 /* 8|_DiadiushkinDmitrii */;
			targetProxy = 6DAC5C9E244B0EB8003ED471 /* PBXContainerItemProxy */;
		};
/* End PBXTargetDependency section */

/* Begin PBXVariantGroup section */
		6DAC5C85244B0EB7003ED471 /* Main.storyboard */ = {
			isa = PBXVariantGroup;
			children = (
				6DAC5C86244B0EB7003ED471 /* Base */,
			);
			name = Main.storyboard;
			sourceTree = "<group>";
		};
		6DAC5C8A244B0EB8003ED471 /* LaunchScreen.storyboard */ = {
			isa = PBXVariantGroup;
			children = (
				6DAC5C8B244B0EB8003ED471 /* Base */,
			);
			name = LaunchScreen.storyboard;
			sourceTree = "<group>";
		};
/* End PBXVariantGroup section */

/* Begin XCBuildConfiguration section */
		6DAC5CA4244B0EB8003ED471 /* Debug */ = {
			isa = XCBuildConfiguration;
			buildSettings = {
				ALWAYS_SEARCH_USER_PATHS = NO;
				CLANG_ANALYZER_NONNULL = YES;
				CLANG_ANALYZER_NUMBER_OBJECT_CONVERSION = YES_AGGRESSIVE;
				CLANG_CXX_LANGUAGE_STANDARD = "gnu++14";
				CLANG_CXX_LIBRARY = "libc++";
				CLANG_ENABLE_MODULES = YES;
				CLANG_ENABLE_OBJC_ARC = YES;
				CLANG_ENABLE_OBJC_WEAK = YES;
				CLANG_WARN_BLOCK_CAPTURE_AUTORELEASING = YES;
				CLANG_WARN_BOOL_CONVERSION = YES;
				CLANG_WARN_COMMA = YES;
				CLANG_WARN_CONSTANT_CONVERSION = YES;
				CLANG_WARN_DEPRECATED_OBJC_IMPLEMENTATIONS = YES;
				CLANG_WARN_DIRECT_OBJC_ISA_USAGE = YES_ERROR;
				CLANG_WARN_DOCUMENTATION_COMMENTS = YES;
				CLANG_WARN_EMPTY_BODY = YES;
				CLANG_WARN_ENUM_CONVERSION = YES;
				CLANG_WARN_INFINITE_RECURSION = YES;
				CLANG_WARN_INT_CONVERSION = YES;
				CLANG_WARN_NON_LITERAL_NULL_CONVERSION = YES;
				CLANG_WARN_OBJC_IMPLICIT_RETAIN_SELF = YES;
				CLANG_WARN_OBJC_LITERAL_CONVERSION = YES;
				CLANG_WARN_OBJC_ROOT_CLASS = YES_ERROR;
				CLANG_WARN_RANGE_LOOP_ANALYSIS = YES;
				CLANG_WARN_STRICT_PROTOTYPES = YES;
				CLANG_WARN_SUSPICIOUS_MOVE = YES;
				CLANG_WARN_UNGUARDED_AVAILABILITY = YES_AGGRESSIVE;
				CLANG_WARN_UNREACHABLE_CODE = YES;
				CLANG_WARN__DUPLICATE_METHOD_MATCH = YES;
				COPY_PHASE_STRIP = NO;
				DEBUG_INFORMATION_FORMAT = dwarf;
				ENABLE_STRICT_OBJC_MSGSEND = YES;
				ENABLE_TESTABILITY = YES;
				GCC_C_LANGUAGE_STANDARD = gnu11;
				GCC_DYNAMIC_NO_PIC = NO;
				GCC_NO_COMMON_BLOCKS = YES;
				GCC_OPTIMIZATION_LEVEL = 0;
				GCC_PREPROCESSOR_DEFINITIONS = (
					"DEBUG=1",
					"$(inherited)",
				);
				GCC_WARN_64_TO_32_BIT_CONVERSION = YES;
				GCC_WARN_ABOUT_RETURN_TYPE = YES_ERROR;
				GCC_WARN_UNDECLARED_SELECTOR = YES;
				GCC_WARN_UNINITIALIZED_AUTOS = YES_AGGRESSIVE;
				GCC_WARN_UNUSED_FUNCTION = YES;
				GCC_WARN_UNUSED_VARIABLE = YES;
				IPHONEOS_DEPLOYMENT_TARGET = 13.4;
				MTL_ENABLE_DEBUG_INFO = INCLUDE_SOURCE;
				MTL_FAST_MATH = YES;
				ONLY_ACTIVE_ARCH = YES;
				SDKROOT = iphoneos;
				SWIFT_ACTIVE_COMPILATION_CONDITIONS = DEBUG;
				SWIFT_OPTIMIZATION_LEVEL = "-Onone";
			};
			name = Debug;
		};
		6DAC5CA5244B0EB8003ED471 /* Release */ = {
			isa = XCBuildConfiguration;
			buildSettings = {
				ALWAYS_SEARCH_USER_PATHS = NO;
				CLANG_ANALYZER_NONNULL = YES;
				CLANG_ANALYZER_NUMBER_OBJECT_CONVERSION = YES_AGGRESSIVE;
				CLANG_CXX_LANGUAGE_STANDARD = "gnu++14";
				CLANG_CXX_LIBRARY = "libc++";
				CLANG_ENABLE_MODULES = YES;
				CLANG_ENABLE_OBJC_ARC = YES;
				CLANG_ENABLE_OBJC_WEAK = YES;
				CLANG_WARN_BLOCK_CAPTURE_AUTORELEASING = YES;
				CLANG_WARN_BOOL_CONVERSION = YES;
				CLANG_WARN_COMMA = YES;
				CLANG_WARN_CONSTANT_CONVERSION = YES;
				CLANG_WARN_DEPRECATED_OBJC_IMPLEMENTATIONS = YES;
				CLANG_WARN_DIRECT_OBJC_ISA_USAGE = YES_ERROR;
				CLANG_WARN_DOCUMENTATION_COMMENTS = YES;
				CLANG_WARN_EMPTY_BODY = YES;
				CLANG_WARN_ENUM_CONVERSION = YES;
				CLANG_WARN_INFINITE_RECURSION = YES;
				CLANG_WARN_INT_CONVERSION = YES;
				CLANG_WARN_NON_LITERAL_NULL_CONVERSION = YES;
				CLANG_WARN_OBJC_IMPLICIT_RETAIN_SELF = YES;
				CLANG_WARN_OBJC_LITERAL_CONVERSION = YES;
				CLANG_WARN_OBJC_ROOT_CLASS = YES_ERROR;
				CLANG_WARN_RANGE_LOOP_ANALYSIS = YES;
				CLANG_WARN_STRICT_PROTOTYPES = YES;
				CLANG_WARN_SUSPICIOUS_MOVE = YES;
				CLANG_WARN_UNGUARDED_AVAILABILITY = YES_AGGRESSIVE;
				CLANG_WARN_UNREACHABLE_CODE = YES;
				CLANG_WARN__DUPLICATE_METHOD_MATCH = YES;
				COPY_PHASE_STRIP = NO;
				DEBUG_INFORMATION_FORMAT = "dwarf-with-dsym";
				ENABLE_NS_ASSERTIONS = NO;
				ENABLE_STRICT_OBJC_MSGSEND = YES;
				GCC_C_LANGUAGE_STANDARD = gnu11;
				GCC_NO_COMMON_BLOCKS = YES;
				GCC_WARN_64_TO_32_BIT_CONVERSION = YES;
				GCC_WARN_ABOUT_RETURN_TYPE = YES_ERROR;
				GCC_WARN_UNDECLARED_SELECTOR = YES;
				GCC_WARN_UNINITIALIZED_AUTOS = YES_AGGRESSIVE;
				GCC_WARN_UNUSED_FUNCTION = YES;
				GCC_WARN_UNUSED_VARIABLE = YES;
				IPHONEOS_DEPLOYMENT_TARGET = 13.4;
				MTL_ENABLE_DEBUG_INFO = NO;
				MTL_FAST_MATH = YES;
				SDKROOT = iphoneos;
				SWIFT_COMPILATION_MODE = wholemodule;
				SWIFT_OPTIMIZATION_LEVEL = "-O";
				VALIDATE_PRODUCT = YES;
			};
			name = Release;
		};
		6DAC5CA7244B0EB8003ED471 /* Debug */ = {
			isa = XCBuildConfiguration;
			buildSettings = {
				ASSETCATALOG_COMPILER_APPICON_NAME = AppIcon;
				CODE_SIGN_STYLE = Automatic;
				DEVELOPMENT_TEAM = AA878A43SR;
				INFOPLIST_FILE = "8|_DiadiushkinDmitrii/Info.plist";
				IPHONEOS_DEPLOYMENT_TARGET = 13.4;
				LD_RUNPATH_SEARCH_PATHS = (
					"$(inherited)",
					"@executable_path/Frameworks",
				);
				PRODUCT_BUNDLE_IDENTIFIER = "NN.---DiadiushkinDmitrii";
				PRODUCT_NAME = "$(TARGET_NAME)";
				SWIFT_VERSION = 5.0;
				TARGETED_DEVICE_FAMILY = "1,2";
			};
			name = Debug;
		};
		6DAC5CA8244B0EB8003ED471 /* Release */ = {
			isa = XCBuildConfiguration;
			buildSettings = {
				ASSETCATALOG_COMPILER_APPICON_NAME = AppIcon;
				CODE_SIGN_STYLE = Automatic;
				DEVELOPMENT_TEAM = AA878A43SR;
				INFOPLIST_FILE = "8|_DiadiushkinDmitrii/Info.plist";
				IPHONEOS_DEPLOYMENT_TARGET = 13.4;
				LD_RUNPATH_SEARCH_PATHS = (
					"$(inherited)",
					"@executable_path/Frameworks",
				);
				PRODUCT_BUNDLE_IDENTIFIER = "NN.---DiadiushkinDmitrii";
				PRODUCT_NAME = "$(TARGET_NAME)";
				SWIFT_VERSION = 5.0;
				TARGETED_DEVICE_FAMILY = "1,2";
			};
			name = Release;
		};
		6DAC5CAA244B0EB8003ED471 /* Debug */ = {
			isa = XCBuildConfiguration;
			buildSettings = {
				ALWAYS_EMBED_SWIFT_STANDARD_LIBRARIES = YES;
				BUNDLE_LOADER = "$(TEST_HOST)";
				CODE_SIGN_STYLE = Automatic;
				DEVELOPMENT_TEAM = AA878A43SR;
				INFOPLIST_FILE = "8|_DiadiushkinDmitriiTests/Info.plist";
				IPHONEOS_DEPLOYMENT_TARGET = 13.4;
				LD_RUNPATH_SEARCH_PATHS = (
					"$(inherited)",
					"@executable_path/Frameworks",
					"@loader_path/Frameworks",
				);
				PRODUCT_BUNDLE_IDENTIFIER = "NN.---DiadiushkinDmitriiTests";
				PRODUCT_NAME = "$(TARGET_NAME)";
				SWIFT_VERSION = 5.0;
				TARGETED_DEVICE_FAMILY = "1,2";
				TEST_HOST = "$(BUILT_PRODUCTS_DIR)/8|_DiadiushkinDmitrii.app/8|_DiadiushkinDmitrii";
			};
			name = Debug;
		};
		6DAC5CAB244B0EB8003ED471 /* Release */ = {
			isa = XCBuildConfiguration;
			buildSettings = {
				ALWAYS_EMBED_SWIFT_STANDARD_LIBRARIES = YES;
				BUNDLE_LOADER = "$(TEST_HOST)";
				CODE_SIGN_STYLE = Automatic;
				DEVELOPMENT_TEAM = AA878A43SR;
				INFOPLIST_FILE = "8|_DiadiushkinDmitriiTests/Info.plist";
				IPHONEOS_DEPLOYMENT_TARGET = 13.4;
				LD_RUNPATH_SEARCH_PATHS = (
					"$(inherited)",
					"@executable_path/Frameworks",
					"@loader_path/Frameworks",
				);
				PRODUCT_BUNDLE_IDENTIFIER = "NN.---DiadiushkinDmitriiTests";
				PRODUCT_NAME = "$(TARGET_NAME)";
				SWIFT_VERSION = 5.0;
				TARGETED_DEVICE_FAMILY = "1,2";
				TEST_HOST = "$(BUILT_PRODUCTS_DIR)/8|_DiadiushkinDmitrii.app/8|_DiadiushkinDmitrii";
			};
			name = Release;
		};
		6DAC5CAD244B0EB8003ED471 /* Debug */ = {
			isa = XCBuildConfiguration;
			buildSettings = {
				ALWAYS_EMBED_SWIFT_STANDARD_LIBRARIES = YES;
				CODE_SIGN_STYLE = Automatic;
				DEVELOPMENT_TEAM = AA878A43SR;
				INFOPLIST_FILE = "8|_DiadiushkinDmitriiUITests/Info.plist";
				LD_RUNPATH_SEARCH_PATHS = (
					"$(inherited)",
					"@executable_path/Frameworks",
					"@loader_path/Frameworks",
				);
				PRODUCT_BUNDLE_IDENTIFIER = "NN.---DiadiushkinDmitriiUITests";
				PRODUCT_NAME = "$(TARGET_NAME)";
				SWIFT_VERSION = 5.0;
				TARGETED_DEVICE_FAMILY = "1,2";
				TEST_TARGET_NAME = "8|_DiadiushkinDmitrii";
			};
			name = Debug;
		};
		6DAC5CAE244B0EB8003ED471 /* Release */ = {
			isa = XCBuildConfiguration;
			buildSettings = {
				ALWAYS_EMBED_SWIFT_STANDARD_LIBRARIES = YES;
				CODE_SIGN_STYLE = Automatic;
				DEVELOPMENT_TEAM = AA878A43SR;
				INFOPLIST_FILE = "8|_DiadiushkinDmitriiUITests/Info.plist";
				LD_RUNPATH_SEARCH_PATHS = (
					"$(inherited)",
					"@executable_path/Frameworks",
					"@loader_path/Frameworks",
				);
				PRODUCT_BUNDLE_IDENTIFIER = "NN.---DiadiushkinDmitriiUITests";
				PRODUCT_NAME = "$(TARGET_NAME)";
				SWIFT_VERSION = 5.0;
				TARGETED_DEVICE_FAMILY = "1,2";
				TEST_TARGET_NAME = "8|_DiadiushkinDmitrii";
			};
			name = Release;
		};
/* End XCBuildConfiguration section */

/* Begin XCConfigurationList section */
		6DAC5C73244B0EB7003ED471 /* Build configuration list for PBXProject "8|_DiadiushkinDmitrii" */ = {
			isa = XCConfigurationList;
			buildConfigurations = (
				6DAC5CA4244B0EB8003ED471 /* Debug */,
				6DAC5CA5244B0EB8003ED471 /* Release */,
			);
			defaultConfigurationIsVisible = 0;
			defaultConfigurationName = Release;
		};
		6DAC5CA6244B0EB8003ED471 /* Build configuration list for PBXNativeTarget "8|_DiadiushkinDmitrii" */ = {
			isa = XCConfigurationList;
			buildConfigurations = (
				6DAC5CA7244B0EB8003ED471 /* Debug */,
				6DAC5CA8244B0EB8003ED471 /* Release */,
			);
			defaultConfigurationIsVisible = 0;
			defaultConfigurationName = Release;
		};
		6DAC5CA9244B0EB8003ED471 /* Build configuration list for PBXNativeTarget "8|_DiadiushkinDmitriiTests" */ = {
			isa = XCConfigurationList;
			buildConfigurations = (
				6DAC5CAA244B0EB8003ED471 /* Debug */,
				6DAC5CAB244B0EB8003ED471 /* Release */,
			);
			defaultConfigurationIsVisible = 0;
			defaultConfigurationName = Release;
		};
		6DAC5CAC244B0EB8003ED471 /* Build configuration list for PBXNativeTarget "8|_DiadiushkinDmitriiUITests" */ = {
			isa = XCConfigurationList;
			buildConfigurations = (
				6DAC5CAD244B0EB8003ED471 /* Debug */,
				6DAC5CAE244B0EB8003ED471 /* Release */,
			);
			defaultConfigurationIsVisible = 0;
			defaultConfigurationName = Release;
		};
/* End XCConfigurationList section */
	};
	rootObject = 6DAC5C70244B0EB7003ED471 /* Project object */;
}
